# This file is automatically @generated by Cargo.
# It is not intended for manual editing.
[[package]]
name = "proton-call"
version = "2.0.0"
dependencies = [
 "shell-words",
]

[[package]]
name = "shell-words"
version = "1.0.0"
source = "registry+https://github.com/rust-lang/crates.io-index"
checksum = "b6fa3938c99da4914afedd13bf3d79bcb6c277d1b2c398d23257a304d9e1b074"
